
Microsoft Visual Studio Solution File, Format Version 12.00
# Visual Studio Version 17
VisualStudioVersion = 17.0.31903.59
MinimumVisualStudioVersion = 10.0.40219.1
Project("{FAE04EC0-301F-11D3-BF4B-00C04F79EFBC}") = "Nodalis.App", "src\Nodalis.App\Nodalis.App.csproj", "{3A43F1BF-8F3E-49B4-9A0E-BE2A7F87C101}"
EndProject
Project("{FAE04EC0-301F-11D3-BF4B-00C04F79EFBC}") = "Nodalis.Core", "src\Nodalis.Core\Nodalis.Core.csproj", "{605BC7CB-19D7-451C-9FB8-1D7B6C129102}"
EndProject
Project("{FAE04EC0-301F-11D3-BF4B-00C04F79EFBC}") = "Nodalis.Infrastructure", "src\Nodalis.Infrastructure\Nodalis.Infrastructure.csproj", "{9F4A54A0-E51A-496E-81A5-298E57113103}"
EndProject
Project("{FAE04EC0-301F-11D3-BF4B-00C04F79EFBC}") = "Nodalis.Updater", "src\Nodalis.Updater\Nodalis.Updater.csproj", "{A93F76C8-2B51-4B58-9AF0-85F0A8239104}"
EndProject
Global
  GlobalSection(SolutionConfigurationPlatforms) = preSolution
    Debug|Any CPU = Debug|Any CPU
    Release|Any CPU = Release|Any CPU
  EndGlobalSection
  GlobalSection(ProjectConfigurationPlatforms) = postSolution
    {3A43F1BF-8F3E-49B4-9A0E-BE2A7F87C101}.Debug|Any CPU.ActiveCfg = Debug|Any CPU
    {3A43F1BF-8F3E-49B4-9A0E-BE2A7F87C101}.Debug|Any CPU.Build.0 = Debug|Any CPU
    {3A43F1BF-8F3E-49B4-9A0E-BE2A7F87C101}.Release|Any CPU.ActiveCfg = Release|Any CPU
    {3A43F1BF-8F3E-49B4-9A0E-BE2A7F87C101}.Release|Any CPU.Build.0 = Release|Any CPU
    {605BC7CB-19D7-451C-9FB8-1D7B6C129102}.Debug|Any CPU.ActiveCfg = Debug|Any CPU
    {605BC7CB-19D7-451C-9FB8-1D7B6C129102}.Debug|Any CPU.Build.0 = Debug|Any CPU
    {605BC7CB-19D7-451C-9FB8-1D7B6C129102}.Release|Any CPU.ActiveCfg = Release|Any CPU
    {605BC7CB-19D7-451C-9FB8-1D7B6C129102}.Release|Any CPU.Build.0 = Release|Any CPU
    {9F4A54A0-E51A-496E-81A5-298E57113103}.Debug|Any CPU.ActiveCfg = Debug|Any CPU
    {9F4A54A0-E51A-496E-81A5-298E57113103}.Debug|Any CPU.Build.0 = Debug|Any CPU
    {9F4A54A0-E51A-496E-81A5-298E57113103}.Release|Any CPU.ActiveCfg = Release|Any CPU
    {9F4A54A0-E51A-496E-81A5-298E57113103}.Release|Any CPU.Build.0 = Release|Any CPU
    {A93F76C8-2B51-4B58-9AF0-85F0A8239104}.Debug|Any CPU.ActiveCfg = Debug|Any CPU
    {A93F76C8-2B51-4B58-9AF0-85F0A8239104}.Debug|Any CPU.Build.0 = Debug|Any CPU
    {A93F76C8-2B51-4B58-9AF0-85F0A8239104}.Release|Any CPU.ActiveCfg = Release|Any CPU
    {A93F76C8-2B51-4B58-9AF0-85F0A8239104}.Release|Any CPU.Build.0 = Release|Any CPU
  EndGlobalSection
EndGlobal
